
Microsoft Visual Studio Solution File, Format Version 12.00
# Visual Studio 2013
Project("{FAE04EC0-301F-11D3-BF4B-00C04F79EFBC}") = "TexasPoker.CSharp", "TexasPoker.CSharp.csproj", "{54F15CB5-0DE9-DB3F-5F3F-03199C32AEC3}"
EndProject
Project("{FAE04EC0-301F-11D3-BF4B-00C04F79EFBC}") = "TexasPoker.CSharp.Editor", "TexasPoker.CSharp.Editor.csproj", "{07BDC26C-FFFB-08E2-761A-184EEEBA8AF0}"
EndProject
Global
	GlobalSection(SolutionConfigurationPlatforms) = preSolution
		Debug|Any CPU = Debug|Any CPU
		Release|Any CPU = Release|Any CPU
	EndGlobalSection
	GlobalSection(ProjectConfigurationPlatforms) = postSolution
		{54F15CB5-0DE9-DB3F-5F3F-03199C32AEC3}.Debug|Any CPU.ActiveCfg = Debug|Any CPU
		{54F15CB5-0DE9-DB3F-5F3F-03199C32AEC3}.Debug|Any CPU.Build.0 = Debug|Any CPU
		{54F15CB5-0DE9-DB3F-5F3F-03199C32AEC3}.Release|Any CPU.ActiveCfg = Release|Any CPU
		{54F15CB5-0DE9-DB3F-5F3F-03199C32AEC3}.Release|Any CPU.Build.0 = Release|Any CPU
		{07BDC26C-FFFB-08E2-761A-184EEEBA8AF0}.Debug|Any CPU.ActiveCfg = Debug|Any CPU
		{07BDC26C-FFFB-08E2-761A-184EEEBA8AF0}.Debug|Any CPU.Build.0 = Debug|Any CPU
		{07BDC26C-FFFB-08E2-761A-184EEEBA8AF0}.Release|Any CPU.ActiveCfg = Release|Any CPU
		{07BDC26C-FFFB-08E2-761A-184EEEBA8AF0}.Release|Any CPU.Build.0 = Release|Any CPU
	EndGlobalSection
	GlobalSection(SolutionProperties) = preSolution
		HideSolutionNode = FALSE
	EndGlobalSection
EndGlobal
